
Microsoft Visual Studio Solution File, Format Version 12.00
# Visual Studio Version 16
VisualStudioVersion = 16.0.31515.178
MinimumVisualStudioVersion = 10.0.40219.1
Project("{FAE04EC0-301F-11D3-BF4B-00C04F79EFBC}") = "TinyMemFS", "TinyMemFS\TinyMemFS.csproj", "{6F0C127E-D0BA-4682-98E0-163F3FCCB561}"
EndProject
Global
	GlobalSection(SolutionConfigurationPlatforms) = preSolution
		Debug|Any CPU = Debug|Any CPU
		Release|Any CPU = Release|Any CPU
	EndGlobalSection
	GlobalSection(ProjectConfigurationPlatforms) = postSolution
		{6F0C127E-D0BA-4682-98E0-163F3FCCB561}.Debug|Any CPU.ActiveCfg = Debug|Any CPU
		{6F0C127E-D0BA-4682-98E0-163F3FCCB561}.Debug|Any CPU.Build.0 = Debug|Any CPU
		{6F0C127E-D0BA-4682-98E0-163F3FCCB561}.Release|Any CPU.ActiveCfg = Release|Any CPU
		{6F0C127E-D0BA-4682-98E0-163F3FCCB561}.Release|Any CPU.Build.0 = Release|Any CPU
	EndGlobalSection
	GlobalSection(SolutionProperties) = preSolution
		HideSolutionNode = FALSE
	EndGlobalSection
	GlobalSection(ExtensibilityGlobals) = postSolution
		SolutionGuid = {57F702FD-E087-48F9-A580-5F44E4B69396}
	EndGlobalSection
EndGlobal
