
Microsoft Visual Studio Solution File, Format Version 12.00
# Visual Studio Version 16
VisualStudioVersion = 16.0.31515.178
MinimumVisualStudioVersion = 10.0.40219.1
Project("{FAE04EC0-301F-11D3-BF4B-00C04F79EFBC}") = "SpreadsheetApp", "SpreadsheetApp\SpreadsheetApp.csproj", "{4273C49A-D441-4DC2-986F-05FAC7282F5C}"
EndProject
Global
	GlobalSection(SolutionConfigurationPlatforms) = preSolution
		Debug|Any CPU = Debug|Any CPU
		Release|Any CPU = Release|Any CPU
	EndGlobalSection
	GlobalSection(ProjectConfigurationPlatforms) = postSolution
		{4273C49A-D441-4DC2-986F-05FAC7282F5C}.Debug|Any CPU.ActiveCfg = Debug|Any CPU
		{4273C49A-D441-4DC2-986F-05FAC7282F5C}.Debug|Any CPU.Build.0 = Debug|Any CPU
		{4273C49A-D441-4DC2-986F-05FAC7282F5C}.Release|Any CPU.ActiveCfg = Release|Any CPU
		{4273C49A-D441-4DC2-986F-05FAC7282F5C}.Release|Any CPU.Build.0 = Release|Any CPU
	EndGlobalSection
	GlobalSection(SolutionProperties) = preSolution
		HideSolutionNode = FALSE
	EndGlobalSection
	GlobalSection(ExtensibilityGlobals) = postSolution
		SolutionGuid = {8BE4AE8B-4791-46D1-B89C-66CB8427173F}
	EndGlobalSection
EndGlobal
